<?xml version="1.0" encoding="utf-8"?>
<Project ToolsVersion="4.0" xmlns="http://schemas.microsoft.com/developer/msbuild/2003">
  <ItemGroup>
    <Filter Include="crypto">
      <UniqueIdentifier>{238d3740-95cd-4071-b5cb-3339ac806416}</UniqueIdentifier>
    </Filter>
    <Filter Include="filesys">
      <UniqueIdentifier>{9ba2110a-34e2-4262-85cc-0d15d3d0b431}</UniqueIdentifier>
    </Filter>
    <Filter Include="threading">
      <UniqueIdentifier>{2b169229-3a7a-4515-acec-e82891227be1}</UniqueIdentifier>
    </Filter>
    <Filter Include="misc">
      <UniqueIdentifier>{80987201-7dcb-405e-ae00-9bd38bce3187}</UniqueIdentifier>
    </Filter>
  </ItemGroup>
  <ItemGroup>
    <ClInclude Include="sha512.h">
      <Filter>crypto</Filter>
    </ClInclude>
    <ClInclude Include="utils.h">
      <Filter>misc</Filter>
    </ClInclude>
    <ClInclude Include="hash_maker.h">
      <Filter>crypto</Filter>
    </ClInclude>
    <ClInclude Include="worker.h">
      <Filter>threading</Filter>
    </ClInclude>
    <ClInclude Include="progress_bar.h">
      <Filter>threading</Filter>
    </ClInclude>
    <ClInclude Include="task_queue.h">
      <Filter>threading</Filter>
    </ClInclude>
    <ClInclude Include="thread_manager.h">
      <Filter>threading</Filter>
    </ClInclude>
    <ClInclude Include="input_reader.h">
      <Filter>filesys</Filter>
    </ClInclude>
    <ClInclude Include="output_writer.h">
      <Filter>filesys</Filter>
    </ClInclude>
  </ItemGroup>
  <ItemGroup>
    <ClCompile Include="sha512.cpp">
      <Filter>crypto</Filter>
    </ClCompile>
    <ClCompile Include="hash_maker.cpp">
      <Filter>crypto</Filter>
    </ClCompile>
    <ClCompile Include="worker.cpp">
      <Filter>threading</Filter>
    </ClCompile>
    <ClCompile Include="progress_bar.cpp">
      <Filter>threading</Filter>
    </ClCompile>
    <ClCompile Include="task_queue.cpp">
      <Filter>threading</Filter>
    </ClCompile>
    <ClCompile Include="thread_manager.cpp">
      <Filter>threading</Filter>
    </ClCompile>
    <ClCompile Include="utils.cpp">
      <Filter>misc</Filter>
    </ClCompile>
    <ClCompile Include="input_reader.cpp">
      <Filter>filesys</Filter>
    </ClCompile>
    <ClCompile Include="output_writer.cpp">
      <Filter>filesys</Filter>
    </ClCompile>
  </ItemGroup>
</Project>