<?xml version="1.0" encoding="utf-8"?>
<Project ToolsVersion="4.0" xmlns="http://schemas.microsoft.com/developer/msbuild/2003">
  <ItemGroup>
    <Filter Include="crypto">
      <UniqueIdentifier>{238d3740-95cd-4071-b5cb-3339ac806416}</UniqueIdentifier>
    </Filter>
    <Filter Include="filesys">
      <UniqueIdentifier>{9ba2110a-34e2-4262-85cc-0d15d3d0b431}</UniqueIdentifier>
    </Filter>
    <Filter Include="threading">
      <UniqueIdentifier>{2b169229-3a7a-4515-acec-e82891227be1}</UniqueIdentifier>
    </Filter>
    <Filter Include="misc">
      <UniqueIdentifier>{80987201-7dcb-405e-ae00-9bd38bce3187}</UniqueIdentifier>
    </Filter>
    <Filter Include="third_party">
      <UniqueIdentifier>{95873c7a-f7f2-4aaa-b2bc-1bb91fae95d9}</UniqueIdentifier>
    </Filter>
  </ItemGroup>
  <ItemGroup>
    <ClCompile Include="crypto\hash_maker.cpp">
      <Filter>crypto</Filter>
    </ClCompile>
    <ClCompile Include="filesys\file_mapper.cpp">
      <Filter>filesys</Filter>
    </ClCompile>
    <ClCompile Include="filesys\output_file_formatter.cpp">
      <Filter>filesys</Filter>
    </ClCompile>
    <ClCompile Include="misc\utils.cpp">
      <Filter>misc</Filter>
    </ClCompile>
    <ClCompile Include="third_party\sha512.cpp">
      <Filter>third_party</Filter>
    </ClCompile>
    <ClCompile Include="threading\barrier.cpp">
      <Filter>threading</Filter>
    </ClCompile>
    <ClCompile Include="threading\file_hash_builder.cpp">
      <Filter>threading</Filter>
    </ClCompile>
    <ClCompile Include="threading\worker.cpp">
      <Filter>threading</Filter>
    </ClCompile>
  </ItemGroup>
  <ItemGroup>
    <ClInclude Include="crypto\hash_maker.h">
      <Filter>crypto</Filter>
    </ClInclude>
    <ClInclude Include="filesys\file_mapper.h">
      <Filter>filesys</Filter>
    </ClInclude>
    <ClInclude Include="filesys\output_file_formatter.h">
      <Filter>filesys</Filter>
    </ClInclude>
    <ClInclude Include="misc\utils.h">
      <Filter>misc</Filter>
    </ClInclude>
    <ClInclude Include="third_party\sha512.h">
      <Filter>third_party</Filter>
    </ClInclude>
    <ClInclude Include="threading\barrier.h">
      <Filter>threading</Filter>
    </ClInclude>
    <ClInclude Include="threading\file_hash_builder.h">
      <Filter>threading</Filter>
    </ClInclude>
    <ClInclude Include="threading\worker.h">
      <Filter>threading</Filter>
    </ClInclude>
  </ItemGroup>
</Project>